{
  "name": "travetto-plugin",
  "version": "2.2.0",
  "lockfileVersion": 2,
  "requires": true,
  "packages": {
    "": {
      "name": "travetto-plugin",
      "version": "2.2.0",
      "license": "MIT",
      "dependencies": {
        "@travetto/boot": "^3.0.0-rc.0",
        "source-map-support": "^0.5.21"
      },
      "devDependencies": {
        "@types/node": "^18.7.14",
        "@types/vscode": "^1.70.0"
      },
      "engines": {
        "vscode": "^1.69.0"
      }
    },
    "node_modules/@travetto/boot": {
      "version": "3.0.0-rc.0",
      "resolved": "https://registry.npmjs.org/@travetto/boot/-/boot-3.0.0-rc.0.tgz",
      "integrity": "sha512-/fu8yc7X1muoDmodd9ZyhiwM5P3RVVdxP3pZMG/nlYCnl/IgOkrkKPGzna4vNfVpaZUGtRjacBzbH6GSNrmT+g==",
      "dependencies": {
        "@types/node": "^18.7.14",
        "@types/source-map-support": "^0.5.6",
        "source-map-support": "^0.5.21",
        "tslib": "^2.4.0",
        "typescript": "^4.8.2"
      },
      "engines": {
        "node": ">=12.17.0"
      }
    },
    "node_modules/@types/node": {
      "version": "18.7.16",
      "resolved": "https://registry.npmjs.org/@types/node/-/node-18.7.16.tgz",
      "integrity": "sha512-EQHhixfu+mkqHMZl1R2Ovuvn47PUw18azMJOTwSZr9/fhzHNGXAJ0ma0dayRVchprpCj0Kc1K1xKoWaATWF1qg=="
    },
    "node_modules/@types/source-map-support": {
      "version": "0.5.6",
      "resolved": "https://registry.npmjs.org/@types/source-map-support/-/source-map-support-0.5.6.tgz",
      "integrity": "sha512-b2nJ9YyXmkhGaa2b8VLM0kJ04xxwNyijcq12/kDoomCt43qbHBeK2SLNJ9iJmETaAj+bKUT05PQUu3Q66GvLhQ==",
      "dependencies": {
        "source-map": "^0.6.0"
      }
    },
    "node_modules/@types/vscode": {
      "version": "1.71.0",
      "resolved": "https://registry.npmjs.org/@types/vscode/-/vscode-1.71.0.tgz",
      "integrity": "sha512-nB50bBC9H/x2CpwW9FzRRRDrTZ7G0/POttJojvN/LiVfzTGfLyQIje1L1QRMdFXK9G41k5UJN/1B9S4of7CSzA==",
      "dev": true
    },
    "node_modules/buffer-from": {
      "version": "1.1.1",
      "resolved": "https://registry.npmjs.org/buffer-from/-/buffer-from-1.1.1.tgz",
      "integrity": "sha512-MQcXEUbCKtEo7bhqEs6560Hyd4XaovZlO/k9V3hjVUF/zwW7KBVdSK4gIt/bzwS9MbR5qob+F5jusZsb0YQK2A=="
    },
    "node_modules/source-map": {
      "version": "0.6.1",
      "resolved": "https://registry.npmjs.org/source-map/-/source-map-0.6.1.tgz",
      "integrity": "sha512-UjgapumWlbMhkBgzT7Ykc5YXUT46F0iKu8SGXq0bcwP5dz/h0Plj6enJqjz1Zbq2l5WaqYnrVbwWOWMyF3F47g==",
      "engines": {
        "node": ">=0.10.0"
      }
    },
    "node_modules/source-map-support": {
      "version": "0.5.21",
      "resolved": "https://registry.npmjs.org/source-map-support/-/source-map-support-0.5.21.tgz",
      "integrity": "sha512-uBHU3L3czsIyYXKX88fdrGovxdSCoTGDRZ6SYXtSRxLZUzHg5P/66Ht6uoUlHu9EZod+inXhKo3qQgwXUT/y1w==",
      "dependencies": {
        "buffer-from": "^1.0.0",
        "source-map": "^0.6.0"
      }
    },
    "node_modules/tslib": {
      "version": "2.4.0",
      "resolved": "https://registry.npmjs.org/tslib/-/tslib-2.4.0.tgz",
      "integrity": "sha512-d6xOpEDfsi2CZVlPQzGeux8XMwLT9hssAsaPYExaQMuYskwb+x1x7J371tWlbBdWHroy99KnVB6qIkUbs5X3UQ=="
    },
    "node_modules/typescript": {
      "version": "4.8.3",
      "resolved": "https://registry.npmjs.org/typescript/-/typescript-4.8.3.tgz",
      "integrity": "sha512-goMHfm00nWPa8UvR/CPSvykqf6dVV8x/dp0c5mFTMTIu0u0FlGWRioyy7Nn0PGAdHxpJZnuO/ut+PpQ8UiHAig==",
      "bin": {
        "tsc": "bin/tsc",
        "tsserver": "bin/tsserver"
      },
      "engines": {
        "node": ">=4.2.0"
      }
    }
  },
  "dependencies": {
    "@travetto/boot": {
      "version": "3.0.0-rc.0",
      "resolved": "https://registry.npmjs.org/@travetto/boot/-/boot-3.0.0-rc.0.tgz",
      "integrity": "sha512-/fu8yc7X1muoDmodd9ZyhiwM5P3RVVdxP3pZMG/nlYCnl/IgOkrkKPGzna4vNfVpaZUGtRjacBzbH6GSNrmT+g==",
      "requires": {
        "@types/node": "^18.7.14",
        "@types/source-map-support": "^0.5.6",
        "source-map-support": "^0.5.21",
        "tslib": "^2.4.0",
        "typescript": "^4.8.2"
      }
    },
    "@types/node": {
      "version": "18.7.16",
      "resolved": "https://registry.npmjs.org/@types/node/-/node-18.7.16.tgz",
      "integrity": "sha512-EQHhixfu+mkqHMZl1R2Ovuvn47PUw18azMJOTwSZr9/fhzHNGXAJ0ma0dayRVchprpCj0Kc1K1xKoWaATWF1qg=="
    },
    "@types/source-map-support": {
      "version": "0.5.6",
      "resolved": "https://registry.npmjs.org/@types/source-map-support/-/source-map-support-0.5.6.tgz",
      "integrity": "sha512-b2nJ9YyXmkhGaa2b8VLM0kJ04xxwNyijcq12/kDoomCt43qbHBeK2SLNJ9iJmETaAj+bKUT05PQUu3Q66GvLhQ==",
      "requires": {
        "source-map": "^0.6.0"
      }
    },
    "@types/vscode": {
      "version": "1.71.0",
      "resolved": "https://registry.npmjs.org/@types/vscode/-/vscode-1.71.0.tgz",
      "integrity": "sha512-nB50bBC9H/x2CpwW9FzRRRDrTZ7G0/POttJojvN/LiVfzTGfLyQIje1L1QRMdFXK9G41k5UJN/1B9S4of7CSzA==",
      "dev": true
    },
    "buffer-from": {
      "version": "1.1.1",
      "resolved": "https://registry.npmjs.org/buffer-from/-/buffer-from-1.1.1.tgz",
      "integrity": "sha512-MQcXEUbCKtEo7bhqEs6560Hyd4XaovZlO/k9V3hjVUF/zwW7KBVdSK4gIt/bzwS9MbR5qob+F5jusZsb0YQK2A=="
    },
    "source-map": {
      "version": "0.6.1",
      "resolved": "https://registry.npmjs.org/source-map/-/source-map-0.6.1.tgz",
      "integrity": "sha512-UjgapumWlbMhkBgzT7Ykc5YXUT46F0iKu8SGXq0bcwP5dz/h0Plj6enJqjz1Zbq2l5WaqYnrVbwWOWMyF3F47g=="
    },
    "source-map-support": {
      "version": "0.5.21",
      "resolved": "https://registry.npmjs.org/source-map-support/-/source-map-support-0.5.21.tgz",
      "integrity": "sha512-uBHU3L3czsIyYXKX88fdrGovxdSCoTGDRZ6SYXtSRxLZUzHg5P/66Ht6uoUlHu9EZod+inXhKo3qQgwXUT/y1w==",
      "requires": {
        "buffer-from": "^1.0.0",
        "source-map": "^0.6.0"
      }
    },
    "tslib": {
      "version": "2.4.0",
      "resolved": "https://registry.npmjs.org/tslib/-/tslib-2.4.0.tgz",
      "integrity": "sha512-d6xOpEDfsi2CZVlPQzGeux8XMwLT9hssAsaPYExaQMuYskwb+x1x7J371tWlbBdWHroy99KnVB6qIkUbs5X3UQ=="
    },
    "typescript": {
      "version": "4.8.3",
      "resolved": "https://registry.npmjs.org/typescript/-/typescript-4.8.3.tgz",
      "integrity": "sha512-goMHfm00nWPa8UvR/CPSvykqf6dVV8x/dp0c5mFTMTIu0u0FlGWRioyy7Nn0PGAdHxpJZnuO/ut+PpQ8UiHAig=="
    }
  }
}
