{
  "name": "travetto-plugin",
  "version": "3.4.0",
  "lockfileVersion": 3,
  "requires": true,
  "packages": {
    "": {
      "name": "travetto-plugin",
      "version": "3.4.0",
      "license": "MIT",
      "dependencies": {
        "@travetto/base": "^3.4.0-rc.0",
        "@travetto/registry": "^3.4.0-rc.0"
      },
      "devDependencies": {
        "@travetto/cli": "^3.4.0-rc.0",
        "@travetto/compiler": "^3.4.0-rc.0",
        "@travetto/doc": "^3.4.0-rc.0",
        "@travetto/pack": "^3.4.0-rc.0",
        "@travetto/test": "^3.4.0-rc.0",
        "@types/node": "^20.8.10",
        "@types/vscode": "^1.83.1"
      },
      "engines": {
        "vscode": "^1.83.1"
      }
    },
    "node_modules/@jridgewell/gen-mapping": {
      "version": "0.3.3",
      "resolved": "https://registry.npmjs.org/@jridgewell/gen-mapping/-/gen-mapping-0.3.3.tgz",
      "integrity": "sha512-HLhSWOLRi875zjjMG/r+Nv0oCW8umGb0BgEhyX3dDX3egwZtB8PqLnjz3yedt8R5StBrzcg4aBpnh8UA9D1BoQ==",
      "dev": true,
      "dependencies": {
        "@jridgewell/set-array": "^1.0.1",
        "@jridgewell/sourcemap-codec": "^1.4.10",
        "@jridgewell/trace-mapping": "^0.3.9"
      },
      "engines": {
        "node": ">=6.0.0"
      }
    },
    "node_modules/@jridgewell/resolve-uri": {
      "version": "3.1.1",
      "resolved": "https://registry.npmjs.org/@jridgewell/resolve-uri/-/resolve-uri-3.1.1.tgz",
      "integrity": "sha512-dSYZh7HhCDtCKm4QakX0xFpsRDqjjtZf/kjI/v3T3Nwt5r8/qz/M19F9ySyOqU94SXBmeG9ttTul+YnR4LOxFA==",
      "dev": true,
      "engines": {
        "node": ">=6.0.0"
      }
    },
    "node_modules/@jridgewell/set-array": {
      "version": "1.1.2",
      "resolved": "https://registry.npmjs.org/@jridgewell/set-array/-/set-array-1.1.2.tgz",
      "integrity": "sha512-xnkseuNADM0gt2bs+BvhO0p78Mk762YnZdsuzFV018NoG1Sj1SCQvpSqa7XUaTam5vAGasABV9qXASMKnFMwMw==",
      "dev": true,
      "engines": {
        "node": ">=6.0.0"
      }
    },
    "node_modules/@jridgewell/source-map": {
      "version": "0.3.5",
      "resolved": "https://registry.npmjs.org/@jridgewell/source-map/-/source-map-0.3.5.tgz",
      "integrity": "sha512-UTYAUj/wviwdsMfzoSJspJxbkH5o1snzwX0//0ENX1u/55kkZZkcTZP6u9bwKGkv+dkk9at4m1Cpt0uY80kcpQ==",
      "dev": true,
      "dependencies": {
        "@jridgewell/gen-mapping": "^0.3.0",
        "@jridgewell/trace-mapping": "^0.3.9"
      }
    },
    "node_modules/@jridgewell/sourcemap-codec": {
      "version": "1.4.15",
      "resolved": "https://registry.npmjs.org/@jridgewell/sourcemap-codec/-/sourcemap-codec-1.4.15.tgz",
      "integrity": "sha512-eF2rxCRulEKXHTRiDrDy6erMYWqNw4LPdQ8UQA4huuxaQsVeRPFl2oM8oDGxMFhJUWZf9McpLtJasDDZb/Bpeg==",
      "dev": true
    },
    "node_modules/@jridgewell/trace-mapping": {
      "version": "0.3.20",
      "resolved": "https://registry.npmjs.org/@jridgewell/trace-mapping/-/trace-mapping-0.3.20.tgz",
      "integrity": "sha512-R8LcPeWZol2zR8mmH3JeKQ6QRCFb7XgUhV9ZlGhHLGyg4wpPiPZNQOOWhFZhxKw8u//yTbNGI42Bx/3paXEQ+Q==",
      "dev": true,
      "dependencies": {
        "@jridgewell/resolve-uri": "^3.1.0",
        "@jridgewell/sourcemap-codec": "^1.4.14"
      }
    },
    "node_modules/@parcel/watcher": {
      "version": "2.3.0",
      "resolved": "https://registry.npmjs.org/@parcel/watcher/-/watcher-2.3.0.tgz",
      "integrity": "sha512-pW7QaFiL11O0BphO+bq3MgqeX/INAk9jgBldVDYjlQPO4VddoZnF22TcF9onMhnLVHuNqBJeRf+Fj7eezi/+rQ==",
      "dev": true,
      "hasInstallScript": true,
      "dependencies": {
        "detect-libc": "^1.0.3",
        "is-glob": "^4.0.3",
        "micromatch": "^4.0.5",
        "node-addon-api": "^7.0.0"
      },
      "engines": {
        "node": ">= 10.0.0"
      },
      "funding": {
        "type": "opencollective",
        "url": "https://opencollective.com/parcel"
      },
      "optionalDependencies": {
        "@parcel/watcher-android-arm64": "2.3.0",
        "@parcel/watcher-darwin-arm64": "2.3.0",
        "@parcel/watcher-darwin-x64": "2.3.0",
        "@parcel/watcher-freebsd-x64": "2.3.0",
        "@parcel/watcher-linux-arm-glibc": "2.3.0",
        "@parcel/watcher-linux-arm64-glibc": "2.3.0",
        "@parcel/watcher-linux-arm64-musl": "2.3.0",
        "@parcel/watcher-linux-x64-glibc": "2.3.0",
        "@parcel/watcher-linux-x64-musl": "2.3.0",
        "@parcel/watcher-win32-arm64": "2.3.0",
        "@parcel/watcher-win32-ia32": "2.3.0",
        "@parcel/watcher-win32-x64": "2.3.0"
      }
    },
    "node_modules/@parcel/watcher-android-arm64": {
      "version": "2.3.0",
      "resolved": "https://registry.npmjs.org/@parcel/watcher-android-arm64/-/watcher-android-arm64-2.3.0.tgz",
      "integrity": "sha512-f4o9eA3dgk0XRT3XhB0UWpWpLnKgrh1IwNJKJ7UJek7eTYccQ8LR7XUWFKqw6aEq5KUNlCcGvSzKqSX/vtWVVA==",
      "cpu": [
        "arm64"
      ],
      "dev": true,
      "optional": true,
      "os": [
        "android"
      ],
      "engines": {
        "node": ">= 10.0.0"
      },
      "funding": {
        "type": "opencollective",
        "url": "https://opencollective.com/parcel"
      }
    },
    "node_modules/@parcel/watcher-darwin-arm64": {
      "version": "2.3.0",
      "resolved": "https://registry.npmjs.org/@parcel/watcher-darwin-arm64/-/watcher-darwin-arm64-2.3.0.tgz",
      "integrity": "sha512-mKY+oijI4ahBMc/GygVGvEdOq0L4DxhYgwQqYAz/7yPzuGi79oXrZG52WdpGA1wLBPrYb0T8uBaGFo7I6rvSKw==",
      "cpu": [
        "arm64"
      ],
      "dev": true,
      "optional": true,
      "os": [
        "darwin"
      ],
      "engines": {
        "node": ">= 10.0.0"
      },
      "funding": {
        "type": "opencollective",
        "url": "https://opencollective.com/parcel"
      }
    },
    "node_modules/@parcel/watcher-darwin-x64": {
      "version": "2.3.0",
      "resolved": "https://registry.npmjs.org/@parcel/watcher-darwin-x64/-/watcher-darwin-x64-2.3.0.tgz",
      "integrity": "sha512-20oBj8LcEOnLE3mgpy6zuOq8AplPu9NcSSSfyVKgfOhNAc4eF4ob3ldj0xWjGGbOF7Dcy1Tvm6ytvgdjlfUeow==",
      "cpu": [
        "x64"
      ],
      "dev": true,
      "optional": true,
      "os": [
        "darwin"
      ],
      "engines": {
        "node": ">= 10.0.0"
      },
      "funding": {
        "type": "opencollective",
        "url": "https://opencollective.com/parcel"
      }
    },
    "node_modules/@parcel/watcher-freebsd-x64": {
      "version": "2.3.0",
      "resolved": "https://registry.npmjs.org/@parcel/watcher-freebsd-x64/-/watcher-freebsd-x64-2.3.0.tgz",
      "integrity": "sha512-7LftKlaHunueAEiojhCn+Ef2CTXWsLgTl4hq0pkhkTBFI3ssj2bJXmH2L67mKpiAD5dz66JYk4zS66qzdnIOgw==",
      "cpu": [
        "x64"
      ],
      "dev": true,
      "optional": true,
      "os": [
        "freebsd"
      ],
      "engines": {
        "node": ">= 10.0.0"
      },
      "funding": {
        "type": "opencollective",
        "url": "https://opencollective.com/parcel"
      }
    },
    "node_modules/@parcel/watcher-linux-arm-glibc": {
      "version": "2.3.0",
      "resolved": "https://registry.npmjs.org/@parcel/watcher-linux-arm-glibc/-/watcher-linux-arm-glibc-2.3.0.tgz",
      "integrity": "sha512-1apPw5cD2xBv1XIHPUlq0cO6iAaEUQ3BcY0ysSyD9Kuyw4MoWm1DV+W9mneWI+1g6OeP6dhikiFE6BlU+AToTQ==",
      "cpu": [
        "arm"
      ],
      "dev": true,
      "optional": true,
      "os": [
        "linux"
      ],
      "engines": {
        "node": ">= 10.0.0"
      },
      "funding": {
        "type": "opencollective",
        "url": "https://opencollective.com/parcel"
      }
    },
    "node_modules/@parcel/watcher-linux-arm64-glibc": {
      "version": "2.3.0",
      "resolved": "https://registry.npmjs.org/@parcel/watcher-linux-arm64-glibc/-/watcher-linux-arm64-glibc-2.3.0.tgz",
      "integrity": "sha512-mQ0gBSQEiq1k/MMkgcSB0Ic47UORZBmWoAWlMrTW6nbAGoLZP+h7AtUM7H3oDu34TBFFvjy4JCGP43JlylkTQA==",
      "cpu": [
        "arm64"
      ],
      "dev": true,
      "optional": true,
      "os": [
        "linux"
      ],
      "engines": {
        "node": ">= 10.0.0"
      },
      "funding": {
        "type": "opencollective",
        "url": "https://opencollective.com/parcel"
      }
    },
    "node_modules/@parcel/watcher-linux-arm64-musl": {
      "version": "2.3.0",
      "resolved": "https://registry.npmjs.org/@parcel/watcher-linux-arm64-musl/-/watcher-linux-arm64-musl-2.3.0.tgz",
      "integrity": "sha512-LXZAExpepJew0Gp8ZkJ+xDZaTQjLHv48h0p0Vw2VMFQ8A+RKrAvpFuPVCVwKJCr5SE+zvaG+Etg56qXvTDIedw==",
      "cpu": [
        "arm64"
      ],
      "dev": true,
      "optional": true,
      "os": [
        "linux"
      ],
      "engines": {
        "node": ">= 10.0.0"
      },
      "funding": {
        "type": "opencollective",
        "url": "https://opencollective.com/parcel"
      }
    },
    "node_modules/@parcel/watcher-linux-x64-glibc": {
      "version": "2.3.0",
      "resolved": "https://registry.npmjs.org/@parcel/watcher-linux-x64-glibc/-/watcher-linux-x64-glibc-2.3.0.tgz",
      "integrity": "sha512-P7Wo91lKSeSgMTtG7CnBS6WrA5otr1K7shhSjKHNePVmfBHDoAOHYRXgUmhiNfbcGk0uMCHVcdbfxtuiZCHVow==",
      "cpu": [
        "x64"
      ],
      "dev": true,
      "optional": true,
      "os": [
        "linux"
      ],
      "engines": {
        "node": ">= 10.0.0"
      },
      "funding": {
        "type": "opencollective",
        "url": "https://opencollective.com/parcel"
      }
    },
    "node_modules/@parcel/watcher-linux-x64-musl": {
      "version": "2.3.0",
      "resolved": "https://registry.npmjs.org/@parcel/watcher-linux-x64-musl/-/watcher-linux-x64-musl-2.3.0.tgz",
      "integrity": "sha512-+kiRE1JIq8QdxzwoYY+wzBs9YbJ34guBweTK8nlzLKimn5EQ2b2FSC+tAOpq302BuIMjyuUGvBiUhEcLIGMQ5g==",
      "cpu": [
        "x64"
      ],
      "dev": true,
      "optional": true,
      "os": [
        "linux"
      ],
      "engines": {
        "node": ">= 10.0.0"
      },
      "funding": {
        "type": "opencollective",
        "url": "https://opencollective.com/parcel"
      }
    },
    "node_modules/@parcel/watcher-win32-arm64": {
      "version": "2.3.0",
      "resolved": "https://registry.npmjs.org/@parcel/watcher-win32-arm64/-/watcher-win32-arm64-2.3.0.tgz",
      "integrity": "sha512-35gXCnaz1AqIXpG42evcoP2+sNL62gZTMZne3IackM+6QlfMcJLy3DrjuL6Iks7Czpd3j4xRBzez3ADCj1l7Aw==",
      "cpu": [
        "arm64"
      ],
      "dev": true,
      "optional": true,
      "os": [
        "win32"
      ],
      "engines": {
        "node": ">= 10.0.0"
      },
      "funding": {
        "type": "opencollective",
        "url": "https://opencollective.com/parcel"
      }
    },
    "node_modules/@parcel/watcher-win32-ia32": {
      "version": "2.3.0",
      "resolved": "https://registry.npmjs.org/@parcel/watcher-win32-ia32/-/watcher-win32-ia32-2.3.0.tgz",
      "integrity": "sha512-FJS/IBQHhRpZ6PiCjFt1UAcPr0YmCLHRbTc00IBTrelEjlmmgIVLeOx4MSXzx2HFEy5Jo5YdhGpxCuqCyDJ5ow==",
      "cpu": [
        "ia32"
      ],
      "dev": true,
      "optional": true,
      "os": [
        "win32"
      ],
      "engines": {
        "node": ">= 10.0.0"
      },
      "funding": {
        "type": "opencollective",
        "url": "https://opencollective.com/parcel"
      }
    },
    "node_modules/@parcel/watcher-win32-x64": {
      "version": "2.3.0",
      "resolved": "https://registry.npmjs.org/@parcel/watcher-win32-x64/-/watcher-win32-x64-2.3.0.tgz",
      "integrity": "sha512-dLx+0XRdMnVI62kU3wbXvbIRhLck4aE28bIGKbRGS7BJNt54IIj9+c/Dkqb+7DJEbHUZAX1bwaoM8PqVlHJmCA==",
      "cpu": [
        "x64"
      ],
      "dev": true,
      "optional": true,
      "os": [
        "win32"
      ],
      "engines": {
        "node": ">= 10.0.0"
      },
      "funding": {
        "type": "opencollective",
        "url": "https://opencollective.com/parcel"
      }
    },
    "node_modules/@rollup/plugin-commonjs": {
      "version": "25.0.7",
      "resolved": "https://registry.npmjs.org/@rollup/plugin-commonjs/-/plugin-commonjs-25.0.7.tgz",
      "integrity": "sha512-nEvcR+LRjEjsaSsc4x3XZfCCvZIaSMenZu/OiwOKGN2UhQpAYI7ru7czFvyWbErlpoGjnSX3D5Ch5FcMA3kRWQ==",
      "dev": true,
      "dependencies": {
        "@rollup/pluginutils": "^5.0.1",
        "commondir": "^1.0.1",
        "estree-walker": "^2.0.2",
        "glob": "^8.0.3",
        "is-reference": "1.2.1",
        "magic-string": "^0.30.3"
      },
      "engines": {
        "node": ">=14.0.0"
      },
      "peerDependencies": {
        "rollup": "^2.68.0||^3.0.0||^4.0.0"
      },
      "peerDependenciesMeta": {
        "rollup": {
          "optional": true
        }
      }
    },
    "node_modules/@rollup/plugin-json": {
      "version": "6.0.1",
      "resolved": "https://registry.npmjs.org/@rollup/plugin-json/-/plugin-json-6.0.1.tgz",
      "integrity": "sha512-RgVfl5hWMkxN1h/uZj8FVESvPuBJ/uf6ly6GTj0GONnkfoBN5KC0MSz+PN2OLDgYXMhtG0mWpTrkiOjoxAIevw==",
      "dev": true,
      "dependencies": {
        "@rollup/pluginutils": "^5.0.1"
      },
      "engines": {
        "node": ">=14.0.0"
      },
      "peerDependencies": {
        "rollup": "^1.20.0||^2.0.0||^3.0.0||^4.0.0"
      },
      "peerDependenciesMeta": {
        "rollup": {
          "optional": true
        }
      }
    },
    "node_modules/@rollup/plugin-node-resolve": {
      "version": "15.2.3",
      "resolved": "https://registry.npmjs.org/@rollup/plugin-node-resolve/-/plugin-node-resolve-15.2.3.tgz",
      "integrity": "sha512-j/lym8nf5E21LwBT4Df1VD6hRO2L2iwUeUmP7litikRsVp1H6NWx20NEp0Y7su+7XGc476GnXXc4kFeZNGmaSQ==",
      "dev": true,
      "dependencies": {
        "@rollup/pluginutils": "^5.0.1",
        "@types/resolve": "1.20.2",
        "deepmerge": "^4.2.2",
        "is-builtin-module": "^3.2.1",
        "is-module": "^1.0.0",
        "resolve": "^1.22.1"
      },
      "engines": {
        "node": ">=14.0.0"
      },
      "peerDependencies": {
        "rollup": "^2.78.0||^3.0.0||^4.0.0"
      },
      "peerDependenciesMeta": {
        "rollup": {
          "optional": true
        }
      }
    },
    "node_modules/@rollup/plugin-terser": {
      "version": "0.4.4",
      "resolved": "https://registry.npmjs.org/@rollup/plugin-terser/-/plugin-terser-0.4.4.tgz",
      "integrity": "sha512-XHeJC5Bgvs8LfukDwWZp7yeqin6ns8RTl2B9avbejt6tZqsqvVoWI7ZTQrcNsfKEDWBTnTxM8nMDkO2IFFbd0A==",
      "dev": true,
      "dependencies": {
        "serialize-javascript": "^6.0.1",
        "smob": "^1.0.0",
        "terser": "^5.17.4"
      },
      "engines": {
        "node": ">=14.0.0"
      },
      "peerDependencies": {
        "rollup": "^2.0.0||^3.0.0||^4.0.0"
      },
      "peerDependenciesMeta": {
        "rollup": {
          "optional": true
        }
      }
    },
    "node_modules/@rollup/pluginutils": {
      "version": "5.0.5",
      "resolved": "https://registry.npmjs.org/@rollup/pluginutils/-/pluginutils-5.0.5.tgz",
      "integrity": "sha512-6aEYR910NyP73oHiJglti74iRyOwgFU4x3meH/H8OJx6Ry0j6cOVZ5X/wTvub7G7Ao6qaHBEaNsV3GLJkSsF+Q==",
      "dev": true,
      "dependencies": {
        "@types/estree": "^1.0.0",
        "estree-walker": "^2.0.2",
        "picomatch": "^2.3.1"
      },
      "engines": {
        "node": ">=14.0.0"
      },
      "peerDependencies": {
        "rollup": "^1.20.0||^2.0.0||^3.0.0||^4.0.0"
      },
      "peerDependenciesMeta": {
        "rollup": {
          "optional": true
        }
      }
    },
    "node_modules/@rollup/rollup-android-arm-eabi": {
      "version": "4.3.0",
      "resolved": "https://registry.npmjs.org/@rollup/rollup-android-arm-eabi/-/rollup-android-arm-eabi-4.3.0.tgz",
      "integrity": "sha512-/4pns6BYi8MXdwnXM44yoGAcFYVHL/BYlB2q1HXZ6AzH++LaiEVWFpBWQ/glXhbMbv3E3o09igrHFbP/snhAvA==",
      "cpu": [
        "arm"
      ],
      "dev": true,
      "optional": true,
      "os": [
        "android"
      ]
    },
    "node_modules/@rollup/rollup-android-arm64": {
      "version": "4.3.0",
      "resolved": "https://registry.npmjs.org/@rollup/rollup-android-arm64/-/rollup-android-arm64-4.3.0.tgz",
      "integrity": "sha512-nLO/JsL9idr416vzi3lHm3Xm+QZh4qHij8k3Er13kZr5YhL7/+kBAx84kDmPc7HMexLmwisjDCeDIKNFp8mDlQ==",
      "cpu": [
        "arm64"
      ],
      "dev": true,
      "optional": true,
      "os": [
        "android"
      ]
    },
    "node_modules/@rollup/rollup-darwin-arm64": {
      "version": "4.3.0",
      "resolved": "https://registry.npmjs.org/@rollup/rollup-darwin-arm64/-/rollup-darwin-arm64-4.3.0.tgz",
      "integrity": "sha512-dGhVBlllt4iHwTGy21IEoMOTN5wZoid19zEIxsdY29xcEiOEHqzDa7Sqrkh5OE7LKCowL61eFJXxYe/+pYa7ZQ==",
      "cpu": [
        "arm64"
      ],
      "dev": true,
      "optional": true,
      "os": [
        "darwin"
      ]
    },
    "node_modules/@rollup/rollup-darwin-x64": {
      "version": "4.3.0",
      "resolved": "https://registry.npmjs.org/@rollup/rollup-darwin-x64/-/rollup-darwin-x64-4.3.0.tgz",
      "integrity": "sha512-h8wRfHeLEbU3NzaP1Oku7BYXCJQiTRr+8U0lklyOQXxXiEpHLL8tk1hFl+tezoRKLcPJD7joKaK74ASsqt3Ekg==",
      "cpu": [
        "x64"
      ],
      "dev": true,
      "optional": true,
      "os": [
        "darwin"
      ]
    },
    "node_modules/@rollup/rollup-linux-arm-gnueabihf": {
      "version": "4.3.0",
      "resolved": "https://registry.npmjs.org/@rollup/rollup-linux-arm-gnueabihf/-/rollup-linux-arm-gnueabihf-4.3.0.tgz",
      "integrity": "sha512-wP4VgR/gfV18sylTuym3sxRTkAgUR2vh6YLeX/GEznk5jCYcYSlx585XlcUcl0c8UffIZlRJ09raWSX3JDb4GA==",
      "cpu": [
        "arm"
      ],
      "dev": true,
      "optional": true,
      "os": [
        "linux"
      ]
    },
    "node_modules/@rollup/rollup-linux-arm64-gnu": {
      "version": "4.3.0",
      "resolved": "https://registry.npmjs.org/@rollup/rollup-linux-arm64-gnu/-/rollup-linux-arm64-gnu-4.3.0.tgz",
      "integrity": "sha512-v/14JCYVkqRSJeQbxFx4oUkwVQQw6lFMN7bd4vuARBc3X2lmomkxBsc+BFiIDL/BK+CTx5AOh/k9XmqDnKWRVg==",
      "cpu": [
        "arm64"
      ],
      "dev": true,
      "optional": true,
      "os": [
        "linux"
      ]
    },
    "node_modules/@rollup/rollup-linux-arm64-musl": {
      "version": "4.3.0",
      "resolved": "https://registry.npmjs.org/@rollup/rollup-linux-arm64-musl/-/rollup-linux-arm64-musl-4.3.0.tgz",
      "integrity": "sha512-tNhfYqFH5OxtRzfkTOKdgFYlPSZnlDLNW4+leNEvQZhwTJxoTwsZAAhR97l3qVry/kkLyJPBK+Q8EAJLPinDIg==",
      "cpu": [
        "arm64"
      ],
      "dev": true,
      "optional": true,
      "os": [
        "linux"
      ]
    },
    "node_modules/@rollup/rollup-linux-x64-gnu": {
      "version": "4.3.0",
      "resolved": "https://registry.npmjs.org/@rollup/rollup-linux-x64-gnu/-/rollup-linux-x64-gnu-4.3.0.tgz",
      "integrity": "sha512-pw77m8QywdsoFdFOgmc8roF1inBI0rciqzO8ffRUgLoq7+ee9o5eFqtEcS6hHOOplgifAUUisP8cAnwl9nUYPw==",
      "cpu": [
        "x64"
      ],
      "dev": true,
      "optional": true,
      "os": [
        "linux"
      ]
    },
    "node_modules/@rollup/rollup-linux-x64-musl": {
      "version": "4.3.0",
      "resolved": "https://registry.npmjs.org/@rollup/rollup-linux-x64-musl/-/rollup-linux-x64-musl-4.3.0.tgz",
      "integrity": "sha512-tJs7v2MnV2F8w6X1UpPHl/43OfxjUy9SuJ2ZPoxn79v9vYteChVYO/ueLHCpRMmyTUIVML3N9z4azl9ENH8Xxg==",
      "cpu": [
        "x64"
      ],
      "dev": true,
      "optional": true,
      "os": [
        "linux"
      ]
    },
    "node_modules/@rollup/rollup-win32-arm64-msvc": {
      "version": "4.3.0",
      "resolved": "https://registry.npmjs.org/@rollup/rollup-win32-arm64-msvc/-/rollup-win32-arm64-msvc-4.3.0.tgz",
      "integrity": "sha512-OKGxp6kATQdTyI2DF+e9s+hB3/QZB45b6e+dzcfW1SUqiF6CviWyevhmT4USsMEdP3mlpC9zxLz3Oh+WaTMOSw==",
      "cpu": [
        "arm64"
      ],
      "dev": true,
      "optional": true,
      "os": [
        "win32"
      ]
    },
    "node_modules/@rollup/rollup-win32-ia32-msvc": {
      "version": "4.3.0",
      "resolved": "https://registry.npmjs.org/@rollup/rollup-win32-ia32-msvc/-/rollup-win32-ia32-msvc-4.3.0.tgz",
      "integrity": "sha512-DDZ5AH68JJ2ClQFEA1aNnfA7Ybqyeh0644rGbrLOdNehTmzfICHiWSn0OprzYi9HAshTPQvlwrM+bi2kuaIOjQ==",
      "cpu": [
        "ia32"
      ],
      "dev": true,
      "optional": true,
      "os": [
        "win32"
      ]
    },
    "node_modules/@rollup/rollup-win32-x64-msvc": {
      "version": "4.3.0",
      "resolved": "https://registry.npmjs.org/@rollup/rollup-win32-x64-msvc/-/rollup-win32-x64-msvc-4.3.0.tgz",
      "integrity": "sha512-dMvGV8p92GQ8jhNlGIKpyhVZPzJlT258pPrM5q2F8lKcc9Iv9BbfdnhX1OfinYWnb9ms5zLw6MlaMnqLfUkKnQ==",
      "cpu": [
        "x64"
      ],
      "dev": true,
      "optional": true,
      "os": [
        "win32"
      ]
    },
    "node_modules/@travetto/base": {
      "version": "3.4.0-rc.1",
      "resolved": "https://registry.npmjs.org/@travetto/base/-/base-3.4.0-rc.1.tgz",
      "integrity": "sha512-RhH7bQ/dqyJv4aPNU0fGp9rv672gN56mRgAVk1h2n0jgqN9RtbtGPGJ26ELxY4tai+wlVJanLuSeGLdebwarpg==",
      "dependencies": {
        "@travetto/manifest": "^3.4.0-rc.1",
        "@types/node": "^20.8.10",
        "@types/source-map-support": "^0.5.9",
        "source-map-support": "^0.5.21"
      },
      "peerDependencies": {
        "@travetto/transformer": "^3.4.0-rc.1"
      },
      "peerDependenciesMeta": {
        "@travetto/transformer": {
          "optional": true
        }
      }
    },
    "node_modules/@travetto/cli": {
      "version": "3.4.0-rc.2",
      "resolved": "https://registry.npmjs.org/@travetto/cli/-/cli-3.4.0-rc.2.tgz",
      "integrity": "sha512-D3K0f3+htlk7WDkPapeuVcmsWJxM+Tm0D+8cXUqleIdbyWBDt0PjYzsStZKZOVNDgyrhEfyYzegbeXhhgqXGKw==",
      "dev": true,
      "dependencies": {
        "@travetto/schema": "^3.4.0-rc.1",
        "@travetto/terminal": "^3.4.0-rc.0"
      },
      "bin": {
        "trv": "bin/trv.js"
      }
    },
    "node_modules/@travetto/compiler": {
      "version": "3.4.0-rc.1",
      "resolved": "https://registry.npmjs.org/@travetto/compiler/-/compiler-3.4.0-rc.1.tgz",
      "integrity": "sha512-w67go+fw6BicXZMPHngfH98qrXQnVRTiroJ3zeZ4PCzb2TFizNUTStdweVplTiivXv7zLYu+2PA8W+Ri4Gn0cg==",
      "dev": true,
      "dependencies": {
        "@parcel/watcher": "^2.3.0",
        "@travetto/manifest": "^3.4.0-rc.1",
        "@travetto/terminal": "^3.4.0-rc.0",
        "@travetto/transformer": "^3.4.0-rc.1",
        "@types/node": "^20.8.10"
      },
      "bin": {
        "trvc": "bin/trvc.js"
      },
      "peerDependencies": {
        "@travetto/cli": "^3.4.0-rc.2"
      },
      "peerDependenciesMeta": {
        "@travetto/cli": {
          "optional": true
        }
      }
    },
    "node_modules/@travetto/doc": {
      "version": "3.4.0-rc.1",
      "resolved": "https://registry.npmjs.org/@travetto/doc/-/doc-3.4.0-rc.1.tgz",
      "integrity": "sha512-V8TCNRz08AprdleP4pclFp/h2JYqJrIInMg1sIMJ3Pv+9gKBhdy6IMxu4YLbPlrU3OFtsh3I4kdoVqhYewfNGA==",
      "dev": true,
      "dependencies": {
        "@travetto/base": "^3.4.0-rc.1",
        "@types/prismjs": "^1.26.2",
        "prismjs": "^1.29.0"
      },
      "peerDependencies": {
        "@travetto/cli": "^3.4.0-rc.2"
      },
      "peerDependenciesMeta": {
        "@travetto/cli": {
          "optional": true
        }
      }
    },
    "node_modules/@travetto/manifest": {
      "version": "3.4.0-rc.1",
      "resolved": "https://registry.npmjs.org/@travetto/manifest/-/manifest-3.4.0-rc.1.tgz",
      "integrity": "sha512-hyjRNdOEv9nTNy7Ximf485WZJartM8ZRkF/kNPCjgPGCxMwR26TkACS+u9bUVT4qNAJDbCVDp78dhH34Fxgprg==",
      "engines": {
        "node": ">=18.0.0"
      }
    },
    "node_modules/@travetto/pack": {
      "version": "3.4.0-rc.7",
      "resolved": "https://registry.npmjs.org/@travetto/pack/-/pack-3.4.0-rc.7.tgz",
      "integrity": "sha512-Juc3a1ScBeQPbPAPMJd8lz3eQDzKrUJC3C26gA6rwEJR0Yf/2FWqFN24wrHYOpZl+TAglUMdPXC9X1M9P83yWA==",
      "dev": true,
      "dependencies": {
        "@rollup/plugin-commonjs": "^25.0.7",
        "@rollup/plugin-json": "^6.0.1",
        "@rollup/plugin-node-resolve": "^15.2.3",
        "@rollup/plugin-terser": "^0.4.4",
        "@travetto/base": "^3.4.0-rc.1",
        "rollup": "^4.3.0"
      },
      "peerDependencies": {
        "@travetto/cli": "^3.4.0-rc.2"
      },
      "peerDependenciesMeta": {
        "@travetto/cli": {
          "optional": true
        }
      }
    },
    "node_modules/@travetto/registry": {
      "version": "3.4.0-rc.1",
      "resolved": "https://registry.npmjs.org/@travetto/registry/-/registry-3.4.0-rc.1.tgz",
      "integrity": "sha512-soslG4Uk+VRADmYont37uVapWCRhaTL3hR/1/06X1kzt78/Aujh2akE/grJFf5pN/VKKVFwrUmdMj/ynLO4uWQ==",
      "dependencies": {
        "@travetto/base": "^3.4.0-rc.1"
      },
      "peerDependencies": {
        "@travetto/cli": "^3.4.0-rc.2",
        "@travetto/transformer": "^3.4.0-rc.1"
      },
      "peerDependenciesMeta": {
        "@travetto/cli": {
          "optional": true
        },
        "@travetto/transformer": {
          "optional": true
        }
      }
    },
    "node_modules/@travetto/schema": {
      "version": "3.4.0-rc.1",
      "resolved": "https://registry.npmjs.org/@travetto/schema/-/schema-3.4.0-rc.1.tgz",
      "integrity": "sha512-HcPQI8iby03a4znjKyG5yeADcSoDc3g3vvPAa8SXC55F/CB//WxvRp17jgvDH2ir16BFdsqeojbqPRK/pb4HnA==",
      "dev": true,
      "dependencies": {
        "@travetto/registry": "^3.4.0-rc.1"
      },
      "peerDependencies": {
        "@travetto/transformer": "^3.4.0-rc.1"
      },
      "peerDependenciesMeta": {
        "@travetto/transformer": {
          "optional": true
        }
      }
    },
    "node_modules/@travetto/terminal": {
      "version": "3.4.0-rc.0",
      "resolved": "https://registry.npmjs.org/@travetto/terminal/-/terminal-3.4.0-rc.0.tgz",
      "integrity": "sha512-j31gr3XfRbw1SafRFI9OfAIxj26CjF1Ra45j1ulTHKdgm+MD6drQKflMDEOABf30Th1WgYnz6PwY4IGpk6yo9Q==",
      "dev": true
    },
    "node_modules/@travetto/test": {
      "version": "3.4.0-rc.1",
      "resolved": "https://registry.npmjs.org/@travetto/test/-/test-3.4.0-rc.1.tgz",
      "integrity": "sha512-Qg/WcnBSc8rgiNy+UQsSgETUnikoYUcgoBnEgZNdblXkImhqqaT/trTe4+YuX418R4Ey+Kyr6+oHwmh0hgwtsQ==",
      "dev": true,
      "dependencies": {
        "@travetto/base": "^3.4.0-rc.1",
        "@travetto/registry": "^3.4.0-rc.1",
        "@travetto/terminal": "^3.4.0-rc.0",
        "@travetto/worker": "^3.4.0-rc.1",
        "@travetto/yaml": "^3.4.0-rc.1"
      },
      "peerDependencies": {
        "@travetto/cli": "^3.4.0-rc.2",
        "@travetto/transformer": "^3.4.0-rc.1"
      },
      "peerDependenciesMeta": {
        "@travetto/cli": {
          "optional": true
        },
        "@travetto/transformer": {
          "optional": true
        }
      }
    },
    "node_modules/@travetto/transformer": {
      "version": "3.4.0-rc.1",
      "resolved": "https://registry.npmjs.org/@travetto/transformer/-/transformer-3.4.0-rc.1.tgz",
      "integrity": "sha512-bwZX0TJyhek/ctrR6GTleoD/0MWIRgTtDaemr3VOesG3ywgeZ5pfhPJHhnPqOY2phr98G0qCjYGYF/1XeyQ6Mg==",
      "dev": true,
      "dependencies": {
        "@travetto/manifest": "^3.4.0-rc.1",
        "tslib": "^2.6.2",
        "typescript": "^5.2.2"
      }
    },
    "node_modules/@travetto/worker": {
      "version": "3.4.0-rc.1",
      "resolved": "https://registry.npmjs.org/@travetto/worker/-/worker-3.4.0-rc.1.tgz",
      "integrity": "sha512-WOzIy67G9su/zljdm29CxMhbGZZuaBAkgh9rX7fxn9Guut05chN/cuFtdau6nOvAtnDedDt6vt7J8gStjUOpeA==",
      "dev": true,
      "dependencies": {
        "@travetto/base": "^3.4.0-rc.1",
        "generic-pool": "^3.9.0"
      }
    },
    "node_modules/@travetto/yaml": {
      "version": "3.4.0-rc.1",
      "resolved": "https://registry.npmjs.org/@travetto/yaml/-/yaml-3.4.0-rc.1.tgz",
      "integrity": "sha512-U7kS/M1yWlXlcnB+Hd6ll3D4Ss1/nmwPa71WytQRz8/RsffyZAEOqDZtaSqBYY8VBFhjaFpeRVNxSgBJOYmgcw==",
      "dev": true,
      "dependencies": {
        "@travetto/base": "^3.4.0-rc.1"
      }
    },
    "node_modules/@types/estree": {
      "version": "1.0.4",
      "resolved": "https://registry.npmjs.org/@types/estree/-/estree-1.0.4.tgz",
      "integrity": "sha512-2JwWnHK9H+wUZNorf2Zr6ves96WHoWDJIftkcxPKsS7Djta6Zu519LarhRNljPXkpsZR2ZMwNCPeW7omW07BJw==",
      "dev": true
    },
    "node_modules/@types/node": {
      "version": "20.8.10",
      "resolved": "https://registry.npmjs.org/@types/node/-/node-20.8.10.tgz",
      "integrity": "sha512-TlgT8JntpcbmKUFzjhsyhGfP2fsiz1Mv56im6enJ905xG1DAYesxJaeSbGqQmAw8OWPdhyJGhGSQGKRNJ45u9w==",
      "dependencies": {
        "undici-types": "~5.26.4"
      }
    },
    "node_modules/@types/prismjs": {
      "version": "1.26.2",
      "resolved": "https://registry.npmjs.org/@types/prismjs/-/prismjs-1.26.2.tgz",
      "integrity": "sha512-/r7Cp7iUIk7gts26mHXD66geUC+2Fo26TZYjQK6Nr4LDfi6lmdRmMqM0oPwfiMhUwoBAOFe8GstKi2pf6hZvwA==",
      "dev": true
    },
    "node_modules/@types/resolve": {
      "version": "1.20.2",
      "resolved": "https://registry.npmjs.org/@types/resolve/-/resolve-1.20.2.tgz",
      "integrity": "sha512-60BCwRFOZCQhDncwQdxxeOEEkbc5dIMccYLwbxsS4TUNeVECQ/pBJ0j09mrHOl/JJvpRPGwO9SvE4nR2Nb/a4Q==",
      "dev": true
    },
    "node_modules/@types/source-map-support": {
      "version": "0.5.9",
      "resolved": "https://registry.npmjs.org/@types/source-map-support/-/source-map-support-0.5.9.tgz",
      "integrity": "sha512-91Jf4LyPAObBTFbpW3bSDK1ncdwXohvlBmzffSj7/44SY+1mD/HhesdfspCMxPIJwllgN2G4eVFatGs4Zw/lnw==",
      "dependencies": {
        "source-map": "^0.6.0"
      }
    },
    "node_modules/@types/vscode": {
      "version": "1.84.0",
      "resolved": "https://registry.npmjs.org/@types/vscode/-/vscode-1.84.0.tgz",
      "integrity": "sha512-lCGOSrhT3cL+foUEqc8G1PVZxoDbiMmxgnUZZTEnHF4mC47eKAUtBGAuMLY6o6Ua8PAuNCoKXbqPmJd1JYnQfg==",
      "dev": true
    },
    "node_modules/acorn": {
      "version": "8.11.2",
      "resolved": "https://registry.npmjs.org/acorn/-/acorn-8.11.2.tgz",
      "integrity": "sha512-nc0Axzp/0FILLEVsm4fNwLCwMttvhEI263QtVPQcbpfZZ3ts0hLsZGOpE6czNlid7CJ9MlyH8reXkpsf3YUY4w==",
      "dev": true,
      "bin": {
        "acorn": "bin/acorn"
      },
      "engines": {
        "node": ">=0.4.0"
      }
    },
    "node_modules/balanced-match": {
      "version": "1.0.2",
      "resolved": "https://registry.npmjs.org/balanced-match/-/balanced-match-1.0.2.tgz",
      "integrity": "sha512-3oSeUO0TMV67hN1AmbXsK4yaqU7tjiHlbxRDZOpH0KW9+CeX4bRAaX0Anxt0tx2MrpRpWwQaPwIlISEJhYU5Pw==",
      "dev": true
    },
    "node_modules/brace-expansion": {
      "version": "2.0.1",
      "resolved": "https://registry.npmjs.org/brace-expansion/-/brace-expansion-2.0.1.tgz",
      "integrity": "sha512-XnAIvQ8eM+kC6aULx6wuQiwVsnzsi9d3WxzV3FpWTGA19F621kwdbsAcFKXgKUHZWsy+mY6iL1sHTxWEFCytDA==",
      "dev": true,
      "dependencies": {
        "balanced-match": "^1.0.0"
      }
    },
    "node_modules/braces": {
      "version": "3.0.2",
      "resolved": "https://registry.npmjs.org/braces/-/braces-3.0.2.tgz",
      "integrity": "sha512-b8um+L1RzM3WDSzvhm6gIz1yfTbBt6YTlcEKAvsmqCZZFw46z626lVj9j1yEPW33H5H+lBQpZMP1k8l+78Ha0A==",
      "dev": true,
      "dependencies": {
        "fill-range": "^7.0.1"
      },
      "engines": {
        "node": ">=8"
      }
    },
    "node_modules/buffer-from": {
      "version": "1.1.2",
      "resolved": "https://registry.npmjs.org/buffer-from/-/buffer-from-1.1.2.tgz",
      "integrity": "sha512-E+XQCRwSbaaiChtv6k6Dwgc+bx+Bs6vuKJHHl5kox/BaKbhiXzqQOwK4cO22yElGp2OCmjwVhT3HmxgyPGnJfQ=="
    },
    "node_modules/builtin-modules": {
      "version": "3.3.0",
      "resolved": "https://registry.npmjs.org/builtin-modules/-/builtin-modules-3.3.0.tgz",
      "integrity": "sha512-zhaCDicdLuWN5UbN5IMnFqNMhNfo919sH85y2/ea+5Yg9TsTkeZxpL+JLbp6cgYFS4sRLp3YV4S6yDuqVWHYOw==",
      "dev": true,
      "engines": {
        "node": ">=6"
      },
      "funding": {
        "url": "https://github.com/sponsors/sindresorhus"
      }
    },
    "node_modules/commander": {
      "version": "2.20.3",
      "resolved": "https://registry.npmjs.org/commander/-/commander-2.20.3.tgz",
      "integrity": "sha512-GpVkmM8vF2vQUkj2LvZmD35JxeJOLCwJ9cUkugyk2nuhbv3+mJvpLYYt+0+USMxE+oj+ey/lJEnhZw75x/OMcQ==",
      "dev": true
    },
    "node_modules/commondir": {
      "version": "1.0.1",
      "resolved": "https://registry.npmjs.org/commondir/-/commondir-1.0.1.tgz",
      "integrity": "sha512-W9pAhw0ja1Edb5GVdIF1mjZw/ASI0AlShXM83UUGe2DVr5TdAPEA1OA8m/g8zWp9x6On7gqufY+FatDbC3MDQg==",
      "dev": true
    },
    "node_modules/deepmerge": {
      "version": "4.3.1",
      "resolved": "https://registry.npmjs.org/deepmerge/-/deepmerge-4.3.1.tgz",
      "integrity": "sha512-3sUqbMEc77XqpdNO7FRyRog+eW3ph+GYCbj+rK+uYyRMuwsVy0rMiVtPn+QJlKFvWP/1PYpapqYn0Me2knFn+A==",
      "dev": true,
      "engines": {
        "node": ">=0.10.0"
      }
    },
    "node_modules/detect-libc": {
      "version": "1.0.3",
      "resolved": "https://registry.npmjs.org/detect-libc/-/detect-libc-1.0.3.tgz",
      "integrity": "sha512-pGjwhsmsp4kL2RTz08wcOlGN83otlqHeD/Z5T8GXZB+/YcpQ/dgo+lbU8ZsGxV0HIvqqxo9l7mqYwyYMD9bKDg==",
      "dev": true,
      "bin": {
        "detect-libc": "bin/detect-libc.js"
      },
      "engines": {
        "node": ">=0.10"
      }
    },
    "node_modules/estree-walker": {
      "version": "2.0.2",
      "resolved": "https://registry.npmjs.org/estree-walker/-/estree-walker-2.0.2.tgz",
      "integrity": "sha512-Rfkk/Mp/DL7JVje3u18FxFujQlTNR2q6QfMSMB7AvCBx91NGj/ba3kCfza0f6dVDbw7YlRf/nDrn7pQrCCyQ/w==",
      "dev": true
    },
    "node_modules/fill-range": {
      "version": "7.0.1",
      "resolved": "https://registry.npmjs.org/fill-range/-/fill-range-7.0.1.tgz",
      "integrity": "sha512-qOo9F+dMUmC2Lcb4BbVvnKJxTPjCm+RRpe4gDuGrzkL7mEVl/djYSu2OdQ2Pa302N4oqkSg9ir6jaLWJ2USVpQ==",
      "dev": true,
      "dependencies": {
        "to-regex-range": "^5.0.1"
      },
      "engines": {
        "node": ">=8"
      }
    },
    "node_modules/fs.realpath": {
      "version": "1.0.0",
      "resolved": "https://registry.npmjs.org/fs.realpath/-/fs.realpath-1.0.0.tgz",
      "integrity": "sha512-OO0pH2lK6a0hZnAdau5ItzHPI6pUlvI7jMVnxUQRtw4owF2wk8lOSabtGDCTP4Ggrg2MbGnWO9X8K1t4+fGMDw==",
      "dev": true
    },
    "node_modules/fsevents": {
      "version": "2.3.3",
      "resolved": "https://registry.npmjs.org/fsevents/-/fsevents-2.3.3.tgz",
      "integrity": "sha512-5xoDfX+fL7faATnagmWPpbFtwh/R77WmMMqqHGS65C3vvB0YHrgF+B1YmZ3441tMj5n63k0212XNoJwzlhffQw==",
      "dev": true,
      "hasInstallScript": true,
      "optional": true,
      "os": [
        "darwin"
      ],
      "engines": {
        "node": "^8.16.0 || ^10.6.0 || >=11.0.0"
      }
    },
    "node_modules/function-bind": {
      "version": "1.1.2",
      "resolved": "https://registry.npmjs.org/function-bind/-/function-bind-1.1.2.tgz",
      "integrity": "sha512-7XHNxH7qX9xG5mIwxkhumTox/MIRNcOgDrxWsMt2pAr23WHp6MrRlN7FBSFpCpr+oVO0F744iUgR82nJMfG2SA==",
      "dev": true,
      "funding": {
        "url": "https://github.com/sponsors/ljharb"
      }
    },
    "node_modules/generic-pool": {
      "version": "3.9.0",
      "resolved": "https://registry.npmjs.org/generic-pool/-/generic-pool-3.9.0.tgz",
      "integrity": "sha512-hymDOu5B53XvN4QT9dBmZxPX4CWhBPPLguTZ9MMFeFa/Kg0xWVfylOVNlJji/E7yTZWFd/q9GO5TxDLq156D7g==",
      "dev": true,
      "engines": {
        "node": ">= 4"
      }
    },
    "node_modules/glob": {
      "version": "8.1.0",
      "resolved": "https://registry.npmjs.org/glob/-/glob-8.1.0.tgz",
      "integrity": "sha512-r8hpEjiQEYlF2QU0df3dS+nxxSIreXQS1qRhMJM0Q5NDdR386C7jb7Hwwod8Fgiuex+k0GFjgft18yvxm5XoCQ==",
      "dev": true,
      "dependencies": {
        "fs.realpath": "^1.0.0",
        "inflight": "^1.0.4",
        "inherits": "2",
        "minimatch": "^5.0.1",
        "once": "^1.3.0"
      },
      "engines": {
        "node": ">=12"
      },
      "funding": {
        "url": "https://github.com/sponsors/isaacs"
      }
    },
    "node_modules/hasown": {
      "version": "2.0.0",
      "resolved": "https://registry.npmjs.org/hasown/-/hasown-2.0.0.tgz",
      "integrity": "sha512-vUptKVTpIJhcczKBbgnS+RtcuYMB8+oNzPK2/Hp3hanz8JmpATdmmgLgSaadVREkDm+e2giHwY3ZRkyjSIDDFA==",
      "dev": true,
      "dependencies": {
        "function-bind": "^1.1.2"
      },
      "engines": {
        "node": ">= 0.4"
      }
    },
    "node_modules/inflight": {
      "version": "1.0.6",
      "resolved": "https://registry.npmjs.org/inflight/-/inflight-1.0.6.tgz",
      "integrity": "sha512-k92I/b08q4wvFscXCLvqfsHCrjrF7yiXsQuIVvVE7N82W3+aqpzuUdBbfhWcy/FZR3/4IgflMgKLOsvPDrGCJA==",
      "dev": true,
      "dependencies": {
        "once": "^1.3.0",
        "wrappy": "1"
      }
    },
    "node_modules/inherits": {
      "version": "2.0.4",
      "resolved": "https://registry.npmjs.org/inherits/-/inherits-2.0.4.tgz",
      "integrity": "sha512-k/vGaX4/Yla3WzyMCvTQOXYeIHvqOKtnqBduzTHpzpQZzAskKMhZ2K+EnBiSM9zGSoIFeMpXKxa4dYeZIQqewQ==",
      "dev": true
    },
    "node_modules/is-builtin-module": {
      "version": "3.2.1",
      "resolved": "https://registry.npmjs.org/is-builtin-module/-/is-builtin-module-3.2.1.tgz",
      "integrity": "sha512-BSLE3HnV2syZ0FK0iMA/yUGplUeMmNz4AW5fnTunbCIqZi4vG3WjJT9FHMy5D69xmAYBHXQhJdALdpwVxV501A==",
      "dev": true,
      "dependencies": {
        "builtin-modules": "^3.3.0"
      },
      "engines": {
        "node": ">=6"
      },
      "funding": {
        "url": "https://github.com/sponsors/sindresorhus"
      }
    },
    "node_modules/is-core-module": {
      "version": "2.13.1",
      "resolved": "https://registry.npmjs.org/is-core-module/-/is-core-module-2.13.1.tgz",
      "integrity": "sha512-hHrIjvZsftOsvKSn2TRYl63zvxsgE0K+0mYMoH6gD4omR5IWB2KynivBQczo3+wF1cCkjzvptnI9Q0sPU66ilw==",
      "dev": true,
      "dependencies": {
        "hasown": "^2.0.0"
      },
      "funding": {
        "url": "https://github.com/sponsors/ljharb"
      }
    },
    "node_modules/is-extglob": {
      "version": "2.1.1",
      "resolved": "https://registry.npmjs.org/is-extglob/-/is-extglob-2.1.1.tgz",
      "integrity": "sha512-SbKbANkN603Vi4jEZv49LeVJMn4yGwsbzZworEoyEiutsN3nJYdbO36zfhGJ6QEDpOZIFkDtnq5JRxmvl3jsoQ==",
      "dev": true,
      "engines": {
        "node": ">=0.10.0"
      }
    },
    "node_modules/is-glob": {
      "version": "4.0.3",
      "resolved": "https://registry.npmjs.org/is-glob/-/is-glob-4.0.3.tgz",
      "integrity": "sha512-xelSayHH36ZgE7ZWhli7pW34hNbNl8Ojv5KVmkJD4hBdD3th8Tfk9vYasLM+mXWOZhFkgZfxhLSnrwRr4elSSg==",
      "dev": true,
      "dependencies": {
        "is-extglob": "^2.1.1"
      },
      "engines": {
        "node": ">=0.10.0"
      }
    },
    "node_modules/is-module": {
      "version": "1.0.0",
      "resolved": "https://registry.npmjs.org/is-module/-/is-module-1.0.0.tgz",
      "integrity": "sha512-51ypPSPCoTEIN9dy5Oy+h4pShgJmPCygKfyRCISBI+JoWT/2oJvK8QPxmwv7b/p239jXrm9M1mlQbyKJ5A152g==",
      "dev": true
    },
    "node_modules/is-number": {
      "version": "7.0.0",
      "resolved": "https://registry.npmjs.org/is-number/-/is-number-7.0.0.tgz",
      "integrity": "sha512-41Cifkg6e8TylSpdtTpeLVMqvSBEVzTttHvERD741+pnZ8ANv0004MRL43QKPDlK9cGvNp6NZWZUBlbGXYxxng==",
      "dev": true,
      "engines": {
        "node": ">=0.12.0"
      }
    },
    "node_modules/is-reference": {
      "version": "1.2.1",
      "resolved": "https://registry.npmjs.org/is-reference/-/is-reference-1.2.1.tgz",
      "integrity": "sha512-U82MsXXiFIrjCK4otLT+o2NA2Cd2g5MLoOVXUZjIOhLurrRxpEXzI8O0KZHr3IjLvlAH1kTPYSuqer5T9ZVBKQ==",
      "dev": true,
      "dependencies": {
        "@types/estree": "*"
      }
    },
    "node_modules/magic-string": {
      "version": "0.30.5",
      "resolved": "https://registry.npmjs.org/magic-string/-/magic-string-0.30.5.tgz",
      "integrity": "sha512-7xlpfBaQaP/T6Vh8MO/EqXSW5En6INHEvEXQiuff7Gku0PWjU3uf6w/j9o7O+SpB5fOAkrI5HeoNgwjEO0pFsA==",
      "dev": true,
      "dependencies": {
        "@jridgewell/sourcemap-codec": "^1.4.15"
      },
      "engines": {
        "node": ">=12"
      }
    },
    "node_modules/micromatch": {
      "version": "4.0.5",
      "resolved": "https://registry.npmjs.org/micromatch/-/micromatch-4.0.5.tgz",
      "integrity": "sha512-DMy+ERcEW2q8Z2Po+WNXuw3c5YaUSFjAO5GsJqfEl7UjvtIuFKO6ZrKvcItdy98dwFI2N1tg3zNIdKaQT+aNdA==",
      "dev": true,
      "dependencies": {
        "braces": "^3.0.2",
        "picomatch": "^2.3.1"
      },
      "engines": {
        "node": ">=8.6"
      }
    },
    "node_modules/minimatch": {
      "version": "5.1.6",
      "resolved": "https://registry.npmjs.org/minimatch/-/minimatch-5.1.6.tgz",
      "integrity": "sha512-lKwV/1brpG6mBUFHtb7NUmtABCb2WZZmm2wNiOA5hAb8VdCS4B3dtMWyvcoViccwAW/COERjXLt0zP1zXUN26g==",
      "dev": true,
      "dependencies": {
        "brace-expansion": "^2.0.1"
      },
      "engines": {
        "node": ">=10"
      }
    },
    "node_modules/node-addon-api": {
      "version": "7.0.0",
      "resolved": "https://registry.npmjs.org/node-addon-api/-/node-addon-api-7.0.0.tgz",
      "integrity": "sha512-vgbBJTS4m5/KkE16t5Ly0WW9hz46swAstv0hYYwMtbG7AznRhNyfLRe8HZAiWIpcHzoO7HxhLuBQj9rJ/Ho0ZA==",
      "dev": true
    },
    "node_modules/once": {
      "version": "1.4.0",
      "resolved": "https://registry.npmjs.org/once/-/once-1.4.0.tgz",
      "integrity": "sha512-lNaJgI+2Q5URQBkccEKHTQOPaXdUxnZZElQTZY0MFUAuaEqe1E+Nyvgdz/aIyNi6Z9MzO5dv1H8n58/GELp3+w==",
      "dev": true,
      "dependencies": {
        "wrappy": "1"
      }
    },
    "node_modules/path-parse": {
      "version": "1.0.7",
      "resolved": "https://registry.npmjs.org/path-parse/-/path-parse-1.0.7.tgz",
      "integrity": "sha512-LDJzPVEEEPR+y48z93A0Ed0yXb8pAByGWo/k5YYdYgpY2/2EsOsksJrq7lOHxryrVOn1ejG6oAp8ahvOIQD8sw==",
      "dev": true
    },
    "node_modules/picomatch": {
      "version": "2.3.1",
      "resolved": "https://registry.npmjs.org/picomatch/-/picomatch-2.3.1.tgz",
      "integrity": "sha512-JU3teHTNjmE2VCGFzuY8EXzCDVwEqB2a8fsIvwaStHhAWJEeVd1o1QD80CU6+ZdEXXSLbSsuLwJjkCBWqRQUVA==",
      "dev": true,
      "engines": {
        "node": ">=8.6"
      },
      "funding": {
        "url": "https://github.com/sponsors/jonschlinkert"
      }
    },
    "node_modules/prismjs": {
      "version": "1.29.0",
      "resolved": "https://registry.npmjs.org/prismjs/-/prismjs-1.29.0.tgz",
      "integrity": "sha512-Kx/1w86q/epKcmte75LNrEoT+lX8pBpavuAbvJWRXar7Hz8jrtF+e3vY751p0R8H9HdArwaCTNDDzHg/ScJK1Q==",
      "dev": true,
      "engines": {
        "node": ">=6"
      }
    },
    "node_modules/randombytes": {
      "version": "2.1.0",
      "resolved": "https://registry.npmjs.org/randombytes/-/randombytes-2.1.0.tgz",
      "integrity": "sha512-vYl3iOX+4CKUWuxGi9Ukhie6fsqXqS9FE2Zaic4tNFD2N2QQaXOMFbuKK4QmDHC0JO6B1Zp41J0LpT0oR68amQ==",
      "dev": true,
      "dependencies": {
        "safe-buffer": "^5.1.0"
      }
    },
    "node_modules/resolve": {
      "version": "1.22.8",
      "resolved": "https://registry.npmjs.org/resolve/-/resolve-1.22.8.tgz",
      "integrity": "sha512-oKWePCxqpd6FlLvGV1VU0x7bkPmmCNolxzjMf4NczoDnQcIWrAF+cPtZn5i6n+RfD2d9i0tzpKnG6Yk168yIyw==",
      "dev": true,
      "dependencies": {
        "is-core-module": "^2.13.0",
        "path-parse": "^1.0.7",
        "supports-preserve-symlinks-flag": "^1.0.0"
      },
      "bin": {
        "resolve": "bin/resolve"
      },
      "funding": {
        "url": "https://github.com/sponsors/ljharb"
      }
    },
    "node_modules/rollup": {
      "version": "4.3.0",
      "resolved": "https://registry.npmjs.org/rollup/-/rollup-4.3.0.tgz",
      "integrity": "sha512-scIi1NrKLDIYSPK66jjECtII7vIgdAMFmFo8h6qm++I6nN9qDSV35Ku6erzGVqYjx+lj+j5wkusRMr++8SyDZg==",
      "dev": true,
      "bin": {
        "rollup": "dist/bin/rollup"
      },
      "engines": {
        "node": ">=18.0.0",
        "npm": ">=8.0.0"
      },
      "optionalDependencies": {
        "@rollup/rollup-android-arm-eabi": "4.3.0",
        "@rollup/rollup-android-arm64": "4.3.0",
        "@rollup/rollup-darwin-arm64": "4.3.0",
        "@rollup/rollup-darwin-x64": "4.3.0",
        "@rollup/rollup-linux-arm-gnueabihf": "4.3.0",
        "@rollup/rollup-linux-arm64-gnu": "4.3.0",
        "@rollup/rollup-linux-arm64-musl": "4.3.0",
        "@rollup/rollup-linux-x64-gnu": "4.3.0",
        "@rollup/rollup-linux-x64-musl": "4.3.0",
        "@rollup/rollup-win32-arm64-msvc": "4.3.0",
        "@rollup/rollup-win32-ia32-msvc": "4.3.0",
        "@rollup/rollup-win32-x64-msvc": "4.3.0",
        "fsevents": "~2.3.2"
      }
    },
    "node_modules/safe-buffer": {
      "version": "5.2.1",
      "resolved": "https://registry.npmjs.org/safe-buffer/-/safe-buffer-5.2.1.tgz",
      "integrity": "sha512-rp3So07KcdmmKbGvgaNxQSJr7bGVSVk5S9Eq1F+ppbRo70+YeaDxkw5Dd8NPN+GD6bjnYm2VuPuCXmpuYvmCXQ==",
      "dev": true,
      "funding": [
        {
          "type": "github",
          "url": "https://github.com/sponsors/feross"
        },
        {
          "type": "patreon",
          "url": "https://www.patreon.com/feross"
        },
        {
          "type": "consulting",
          "url": "https://feross.org/support"
        }
      ]
    },
    "node_modules/serialize-javascript": {
      "version": "6.0.1",
      "resolved": "https://registry.npmjs.org/serialize-javascript/-/serialize-javascript-6.0.1.tgz",
      "integrity": "sha512-owoXEFjWRllis8/M1Q+Cw5k8ZH40e3zhp/ovX+Xr/vi1qj6QesbyXXViFbpNvWvPNAD62SutwEXavefrLJWj7w==",
      "dev": true,
      "dependencies": {
        "randombytes": "^2.1.0"
      }
    },
    "node_modules/smob": {
      "version": "1.4.1",
      "resolved": "https://registry.npmjs.org/smob/-/smob-1.4.1.tgz",
      "integrity": "sha512-9LK+E7Hv5R9u4g4C3p+jjLstaLe11MDsL21UpYaCNmapvMkYhqCV4A/f/3gyH8QjMyh6l68q9xC85vihY9ahMQ==",
      "dev": true
    },
    "node_modules/source-map": {
      "version": "0.6.1",
      "resolved": "https://registry.npmjs.org/source-map/-/source-map-0.6.1.tgz",
      "integrity": "sha512-UjgapumWlbMhkBgzT7Ykc5YXUT46F0iKu8SGXq0bcwP5dz/h0Plj6enJqjz1Zbq2l5WaqYnrVbwWOWMyF3F47g==",
      "engines": {
        "node": ">=0.10.0"
      }
    },
    "node_modules/source-map-support": {
      "version": "0.5.21",
      "resolved": "https://registry.npmjs.org/source-map-support/-/source-map-support-0.5.21.tgz",
      "integrity": "sha512-uBHU3L3czsIyYXKX88fdrGovxdSCoTGDRZ6SYXtSRxLZUzHg5P/66Ht6uoUlHu9EZod+inXhKo3qQgwXUT/y1w==",
      "dependencies": {
        "buffer-from": "^1.0.0",
        "source-map": "^0.6.0"
      }
    },
    "node_modules/supports-preserve-symlinks-flag": {
      "version": "1.0.0",
      "resolved": "https://registry.npmjs.org/supports-preserve-symlinks-flag/-/supports-preserve-symlinks-flag-1.0.0.tgz",
      "integrity": "sha512-ot0WnXS9fgdkgIcePe6RHNk1WA8+muPa6cSjeR3V8K27q9BB1rTE3R1p7Hv0z1ZyAc8s6Vvv8DIyWf681MAt0w==",
      "dev": true,
      "engines": {
        "node": ">= 0.4"
      },
      "funding": {
        "url": "https://github.com/sponsors/ljharb"
      }
    },
    "node_modules/terser": {
      "version": "5.24.0",
      "resolved": "https://registry.npmjs.org/terser/-/terser-5.24.0.tgz",
      "integrity": "sha512-ZpGR4Hy3+wBEzVEnHvstMvqpD/nABNelQn/z2r0fjVWGQsN3bpOLzQlqDxmb4CDZnXq5lpjnQ+mHQLAOpfM5iw==",
      "dev": true,
      "dependencies": {
        "@jridgewell/source-map": "^0.3.3",
        "acorn": "^8.8.2",
        "commander": "^2.20.0",
        "source-map-support": "~0.5.20"
      },
      "bin": {
        "terser": "bin/terser"
      },
      "engines": {
        "node": ">=10"
      }
    },
    "node_modules/to-regex-range": {
      "version": "5.0.1",
      "resolved": "https://registry.npmjs.org/to-regex-range/-/to-regex-range-5.0.1.tgz",
      "integrity": "sha512-65P7iz6X5yEr1cwcgvQxbbIw7Uk3gOy5dIdtZ4rDveLqhrdJP+Li/Hx6tyK0NEb+2GCyneCMJiGqrADCSNk8sQ==",
      "dev": true,
      "dependencies": {
        "is-number": "^7.0.0"
      },
      "engines": {
        "node": ">=8.0"
      }
    },
    "node_modules/tslib": {
      "version": "2.6.2",
      "resolved": "https://registry.npmjs.org/tslib/-/tslib-2.6.2.tgz",
      "integrity": "sha512-AEYxH93jGFPn/a2iVAwW87VuUIkR1FVUKB77NwMF7nBTDkDrrT/Hpt/IrCJ0QXhW27jTBDcf5ZY7w6RiqTMw2Q==",
      "dev": true
    },
    "node_modules/typescript": {
      "version": "5.2.2",
      "resolved": "https://registry.npmjs.org/typescript/-/typescript-5.2.2.tgz",
      "integrity": "sha512-mI4WrpHsbCIcwT9cF4FZvr80QUeKvsUsUvKDoR+X/7XHQH98xYD8YHZg7ANtz2GtZt/CBq2QJ0thkGJMHfqc1w==",
      "dev": true,
      "bin": {
        "tsc": "bin/tsc",
        "tsserver": "bin/tsserver"
      },
      "engines": {
        "node": ">=14.17"
      }
    },
    "node_modules/undici-types": {
      "version": "5.26.5",
      "resolved": "https://registry.npmjs.org/undici-types/-/undici-types-5.26.5.tgz",
      "integrity": "sha512-JlCMO+ehdEIKqlFxk6IfVoAUVmgz7cU7zD/h9XZ0qzeosSHmUJVOzSQvvYSYWXkFXC+IfLKSIffhv0sVZup6pA=="
    },
    "node_modules/wrappy": {
      "version": "1.0.2",
      "resolved": "https://registry.npmjs.org/wrappy/-/wrappy-1.0.2.tgz",
      "integrity": "sha512-l4Sp/DRseor9wL6EvV2+TuQn63dMkPjZ/sp9XkghTEbV9KlPS1xUsZ3u7/IQO4wxtcFB4bgpQPRcR3QCvezPcQ==",
      "dev": true
    }
  }
}
