{
  "name": "travetto-plugin",
  "version": "2.0.1",
  "lockfileVersion": 2,
  "requires": true,
  "packages": {
    "": {
      "name": "travetto-plugin",
      "version": "2.0.1",
      "license": "MIT",
      "dependencies": {
        "@travetto/boot": "^2.0.1",
        "source-map-support": "^0.5.19"
      },
      "devDependencies": {
        "@types/node": "^15.12.0",
        "@types/vscode": "^1.56.0"
      },
      "engines": {
        "vscode": "^1.56.0"
      }
    },
    "node_modules/@travetto/boot": {
      "version": "2.0.1",
      "resolved": "https://registry.npmjs.org/@travetto/boot/-/boot-2.0.1.tgz",
      "integrity": "sha512-EmiCzDm5dsb5GzLbAGHtjRexzgwbHF+uy46LTVAm4D4Qhd7CmZzio2XQghNeW4kdcgQHH+mIW1dsvzuhdCom4A==",
      "dependencies": {
        "@types/node": "^12.20.14",
        "@types/source-map-support": "^0.5.3",
        "source-map-support": "^0.5.19",
        "tslib": "^2.2.0",
        "typescript": "^4.3.2"
      },
      "engines": {
        "node": ">=12.17.0"
      }
    },
    "node_modules/@travetto/boot/node_modules/@types/node": {
      "version": "12.20.15",
      "resolved": "https://registry.npmjs.org/@types/node/-/node-12.20.15.tgz",
      "integrity": "sha512-F6S4Chv4JicJmyrwlDkxUdGNSplsQdGwp1A0AJloEVDirWdZOAiRHhovDlsFkKUrquUXhz1imJhXHsf59auyAg=="
    },
    "node_modules/@types/node": {
      "version": "15.12.2",
      "resolved": "https://registry.npmjs.org/@types/node/-/node-15.12.2.tgz",
      "integrity": "sha512-zjQ69G564OCIWIOHSXyQEEDpdpGl+G348RAKY0XXy9Z5kU9Vzv1GMNnkar/ZJ8dzXB3COzD9Mo9NtRZ4xfgUww==",
      "dev": true
    },
    "node_modules/@types/source-map-support": {
      "version": "0.5.3",
      "resolved": "https://registry.npmjs.org/@types/source-map-support/-/source-map-support-0.5.3.tgz",
      "integrity": "sha512-fvjMjVH8Rmokw2dWh1dkj90iX5R8FPjeZzjNH+6eFXReh0QnHFf1YBl3B0CF0RohIAA3SDRJsGeeUWKl6d7HqA==",
      "dependencies": {
        "source-map": "^0.6.0"
      }
    },
    "node_modules/@types/vscode": {
      "version": "1.57.0",
      "resolved": "https://registry.npmjs.org/@types/vscode/-/vscode-1.57.0.tgz",
      "integrity": "sha512-FeznBFtIDCWRluojTsi9c3LLcCHOXP5etQfBK42+ixo1CoEAchkw39tuui9zomjZuKfUVL33KZUDIwHZ/xvOkQ==",
      "dev": true
    },
    "node_modules/buffer-from": {
      "version": "1.1.1",
      "resolved": "https://registry.npmjs.org/buffer-from/-/buffer-from-1.1.1.tgz",
      "integrity": "sha512-MQcXEUbCKtEo7bhqEs6560Hyd4XaovZlO/k9V3hjVUF/zwW7KBVdSK4gIt/bzwS9MbR5qob+F5jusZsb0YQK2A=="
    },
    "node_modules/source-map": {
      "version": "0.6.1",
      "resolved": "https://registry.npmjs.org/source-map/-/source-map-0.6.1.tgz",
      "integrity": "sha512-UjgapumWlbMhkBgzT7Ykc5YXUT46F0iKu8SGXq0bcwP5dz/h0Plj6enJqjz1Zbq2l5WaqYnrVbwWOWMyF3F47g==",
      "engines": {
        "node": ">=0.10.0"
      }
    },
    "node_modules/source-map-support": {
      "version": "0.5.19",
      "resolved": "https://registry.npmjs.org/source-map-support/-/source-map-support-0.5.19.tgz",
      "integrity": "sha512-Wonm7zOCIJzBGQdB+thsPar0kYuCIzYvxZwlBa87yi/Mdjv7Tip2cyVbLj5o0cFPN4EVkuTwb3GDDyUx2DGnGw==",
      "dependencies": {
        "buffer-from": "^1.0.0",
        "source-map": "^0.6.0"
      }
    },
    "node_modules/tslib": {
      "version": "2.2.0",
      "resolved": "https://registry.npmjs.org/tslib/-/tslib-2.2.0.tgz",
      "integrity": "sha512-gS9GVHRU+RGn5KQM2rllAlR3dU6m7AcpJKdtH8gFvQiC4Otgk98XnmMU+nZenHt/+VhnBPWwgrJsyrdcw6i23w=="
    },
    "node_modules/typescript": {
      "version": "4.3.2",
      "resolved": "https://registry.npmjs.org/typescript/-/typescript-4.3.2.tgz",
      "integrity": "sha512-zZ4hShnmnoVnAHpVHWpTcxdv7dWP60S2FsydQLV8V5PbS3FifjWFFRiHSWpDJahly88PRyV5teTSLoq4eG7mKw==",
      "bin": {
        "tsc": "bin/tsc",
        "tsserver": "bin/tsserver"
      },
      "engines": {
        "node": ">=4.2.0"
      }
    }
  },
  "dependencies": {
    "@travetto/boot": {
      "version": "2.0.1",
      "resolved": "https://registry.npmjs.org/@travetto/boot/-/boot-2.0.1.tgz",
      "integrity": "sha512-EmiCzDm5dsb5GzLbAGHtjRexzgwbHF+uy46LTVAm4D4Qhd7CmZzio2XQghNeW4kdcgQHH+mIW1dsvzuhdCom4A==",
      "requires": {
        "@types/node": "^12.20.14",
        "@types/source-map-support": "^0.5.3",
        "source-map-support": "^0.5.19",
        "tslib": "^2.2.0",
        "typescript": "^4.3.2"
      },
      "dependencies": {
        "@types/node": {
          "version": "12.20.15",
          "resolved": "https://registry.npmjs.org/@types/node/-/node-12.20.15.tgz",
          "integrity": "sha512-F6S4Chv4JicJmyrwlDkxUdGNSplsQdGwp1A0AJloEVDirWdZOAiRHhovDlsFkKUrquUXhz1imJhXHsf59auyAg=="
        }
      }
    },
    "@types/node": {
      "version": "15.12.2",
      "resolved": "https://registry.npmjs.org/@types/node/-/node-15.12.2.tgz",
      "integrity": "sha512-zjQ69G564OCIWIOHSXyQEEDpdpGl+G348RAKY0XXy9Z5kU9Vzv1GMNnkar/ZJ8dzXB3COzD9Mo9NtRZ4xfgUww==",
      "dev": true
    },
    "@types/source-map-support": {
      "version": "0.5.3",
      "resolved": "https://registry.npmjs.org/@types/source-map-support/-/source-map-support-0.5.3.tgz",
      "integrity": "sha512-fvjMjVH8Rmokw2dWh1dkj90iX5R8FPjeZzjNH+6eFXReh0QnHFf1YBl3B0CF0RohIAA3SDRJsGeeUWKl6d7HqA==",
      "requires": {
        "source-map": "^0.6.0"
      }
    },
    "@types/vscode": {
      "version": "1.57.0",
      "resolved": "https://registry.npmjs.org/@types/vscode/-/vscode-1.57.0.tgz",
      "integrity": "sha512-FeznBFtIDCWRluojTsi9c3LLcCHOXP5etQfBK42+ixo1CoEAchkw39tuui9zomjZuKfUVL33KZUDIwHZ/xvOkQ==",
      "dev": true
    },
    "buffer-from": {
      "version": "1.1.1",
      "resolved": "https://registry.npmjs.org/buffer-from/-/buffer-from-1.1.1.tgz",
      "integrity": "sha512-MQcXEUbCKtEo7bhqEs6560Hyd4XaovZlO/k9V3hjVUF/zwW7KBVdSK4gIt/bzwS9MbR5qob+F5jusZsb0YQK2A=="
    },
    "source-map": {
      "version": "0.6.1",
      "resolved": "https://registry.npmjs.org/source-map/-/source-map-0.6.1.tgz",
      "integrity": "sha512-UjgapumWlbMhkBgzT7Ykc5YXUT46F0iKu8SGXq0bcwP5dz/h0Plj6enJqjz1Zbq2l5WaqYnrVbwWOWMyF3F47g=="
    },
    "source-map-support": {
      "version": "0.5.19",
      "resolved": "https://registry.npmjs.org/source-map-support/-/source-map-support-0.5.19.tgz",
      "integrity": "sha512-Wonm7zOCIJzBGQdB+thsPar0kYuCIzYvxZwlBa87yi/Mdjv7Tip2cyVbLj5o0cFPN4EVkuTwb3GDDyUx2DGnGw==",
      "requires": {
        "buffer-from": "^1.0.0",
        "source-map": "^0.6.0"
      }
    },
    "tslib": {
      "version": "2.2.0",
      "resolved": "https://registry.npmjs.org/tslib/-/tslib-2.2.0.tgz",
      "integrity": "sha512-gS9GVHRU+RGn5KQM2rllAlR3dU6m7AcpJKdtH8gFvQiC4Otgk98XnmMU+nZenHt/+VhnBPWwgrJsyrdcw6i23w=="
    },
    "typescript": {
      "version": "4.3.2",
      "resolved": "https://registry.npmjs.org/typescript/-/typescript-4.3.2.tgz",
      "integrity": "sha512-zZ4hShnmnoVnAHpVHWpTcxdv7dWP60S2FsydQLV8V5PbS3FifjWFFRiHSWpDJahly88PRyV5teTSLoq4eG7mKw=="
    }
  }
}
